// !$*UTF8*$!
{
	archiveVersion = 1;
	classes = {
	};
	objectVersion = 50;
	objects = {

/* Begin PBXBuildFile section */
		98C07C07212FC94600152983 /* AppDelegate.swift in Sources */ = {isa = PBXBuildFile; fileRef = 98C07C06212FC94600152983 /* AppDelegate.swift */; };
		98C07C09212FC94600152983 /* ViewController.swift in Sources */ = {isa = PBXBuildFile; fileRef = 98C07C08212FC94600152983 /* ViewController.swift */; };
		98C07C0C212FC94600152983 /* Main.storyboard in Resources */ = {isa = PBXBuildFile; fileRef = 98C07C0A212FC94600152983 /* Main.storyboard */; };
		98C07C0E212FC94A00152983 /* Assets.xcassets in Resources */ = {isa = PBXBuildFile; fileRef = 98C07C0D212FC94A00152983 /* Assets.xcassets */; };
		98C07C11212FC94A00152983 /* LaunchScreen.storyboard in Resources */ = {isa = PBXBuildFile; fileRef = 98C07C0F212FC94A00152983 /* LaunchScreen.storyboard */; };
		98C07C1C212FC94B00152983 /* SwiftLesson02Tests.swift in Sources */ = {isa = PBXBuildFile; fileRef = 98C07C1B212FC94B00152983 /* SwiftLesson02Tests.swift */; };
		98C07C27212FC94B00152983 /* SwiftLesson02UITests.swift in Sources */ = {isa = PBXBuildFile; fileRef = 98C07C26212FC94B00152983 /* SwiftLesson02UITests.swift */; };
		98C07C35212FE34100152983 /* DetailViewController.swift in Sources */ = {isa = PBXBuildFile; fileRef = 98C07C34212FE34100152983 /* DetailViewController.swift */; };
/* End PBXBuildFile section */

/* Begin PBXContainerItemProxy section */
		98C07C18212FC94B00152983 /* PBXContainerItemProxy */ = {
			isa = PBXContainerItemProxy;
			containerPortal = 98C07BFB212FC94600152983 /* Project object */;
			proxyType = 1;
			remoteGlobalIDString = 98C07C02212FC94600152983;
			remoteInfo = SwiftLesson02;
		};
		98C07C23212FC94B00152983 /* PBXContainerItemProxy */ = {
			isa = PBXContainerItemProxy;
			containerPortal = 98C07BFB212FC94600152983 /* Project object */;
			proxyType = 1;
			remoteGlobalIDString = 98C07C02212FC94600152983;
			remoteInfo = SwiftLesson02;
		};
/* End PBXContainerItemProxy section */

/* Begin PBXFileReference section */
		98C07C03212FC94600152983 /* SwiftLesson02.app */ = {isa = PBXFileReference; explicitFileType = wrapper.application; includeInIndex = 0; path = SwiftLesson02.app; sourceTree = BUILT_PRODUCTS_DIR; };
		98C07C06212FC94600152983 /* AppDelegate.swift */ = {isa = PBXFileReference; lastKnownFileType = sourcecode.swift; path = AppDelegate.swift; sourceTree = "<group>"; };
		98C07C08212FC94600152983 /* ViewController.swift */ = {isa = PBXFileReference; lastKnownFileType = sourcecode.swift; path = ViewController.swift; sourceTree = "<group>"; };
		98C07C0B212FC94600152983 /* Base */ = {isa = PBXFileReference; lastKnownFileType = file.storyboard; name = Base; path = Base.lproj/Main.storyboard; sourceTree = "<group>"; };
		98C07C0D212FC94A00152983 /* Assets.xcassets */ = {isa = PBXFileReference; lastKnownFileType = folder.assetcatalog; path = Assets.xcassets; sourceTree = "<group>"; };
		98C07C10212FC94A00152983 /* Base */ = {isa = PBXFileReference; lastKnownFileType = file.storyboard; name = Base; path = Base.lproj/LaunchScreen.storyboard; sourceTree = "<group>"; };
		98C07C12212FC94A00152983 /* Info.plist */ = {isa = PBXFileReference; lastKnownFileType = text.plist.xml; path = Info.plist; sourceTree = "<group>"; };
		98C07C17212FC94B00152983 /* SwiftLesson02Tests.xctest */ = {isa = PBXFileReference; explicitFileType = wrapper.cfbundle; includeInIndex = 0; path = SwiftLesson02Tests.xctest; sourceTree = BUILT_PRODUCTS_DIR; };
		98C07C1B212FC94B00152983 /* SwiftLesson02Tests.swift */ = {isa = PBXFileReference; lastKnownFileType = sourcecode.swift; path = SwiftLesson02Tests.swift; sourceTree = "<group>"; };
		98C07C1D212FC94B00152983 /* Info.plist */ = {isa = PBXFileReference; lastKnownFileType = text.plist.xml; path = Info.plist; sourceTree = "<group>"; };
		98C07C22212FC94B00152983 /* SwiftLesson02UITests.xctest */ = {isa = PBXFileReference; explicitFileType = wrapper.cfbundle; includeInIndex = 0; path = SwiftLesson02UITests.xctest; sourceTree = BUILT_PRODUCTS_DIR; };
		98C07C26212FC94B00152983 /* SwiftLesson02UITests.swift */ = {isa = PBXFileReference; lastKnownFileType = sourcecode.swift; path = SwiftLesson02UITests.swift; sourceTree = "<group>"; };
		98C07C28212FC94B00152983 /* Info.plist */ = {isa = PBXFileReference; lastKnownFileType = text.plist.xml; path = Info.plist; sourceTree = "<group>"; };
		98C07C34212FE34100152983 /* DetailViewController.swift */ = {isa = PBXFileReference; lastKnownFileType = sourcecode.swift; path = DetailViewController.swift; sourceTree = "<group>"; };
/* End PBXFileReference section */

/* Begin PBXFrameworksBuildPhase section */
		98C07C00212FC94600152983 /* Frameworks */ = {
			isa = PBXFrameworksBuildPhase;
			buildActionMask = 2147483647;
			files = (
			);
			runOnlyForDeploymentPostprocessing = 0;
		};
		98C07C14212FC94B00152983 /* Frameworks */ = {
			isa = PBXFrameworksBuildPhase;
			buildActionMask = 2147483647;
			files = (
			);
			runOnlyForDeploymentPostprocessing = 0;
		};
		98C07C1F212FC94B00152983 /* Frameworks */ = {
			isa = PBXFrameworksBuildPhase;
			buildActionMask = 2147483647;
			files = (
			);
			runOnlyForDeploymentPostprocessing = 0;
		};
/* End PBXFrameworksBuildPhase section */

/* Begin PBXGroup section */
		1C985D538C1545522B4DD769 /* Frameworks */ = {
			isa = PBXGroup;
			children = (
			);
			name = Frameworks;
			sourceTree = "<group>";
		};
		98C07BFA212FC94600152983 = {
			isa = PBXGroup;
			children = (
				98C07C05212FC94600152983 /* SwiftLesson02 */,
				98C07C1A212FC94B00152983 /* SwiftLesson02Tests */,
				98C07C25212FC94B00152983 /* SwiftLesson02UITests */,
				98C07C04212FC94600152983 /* Products */,
				9B60D5E53074C24C99CAF067 /* Pods */,
				1C985D538C1545522B4DD769 /* Frameworks */,
			);
			sourceTree = "<group>";
		};
		98C07C04212FC94600152983 /* Products */ = {
			isa = PBXGroup;
			children = (
				98C07C03212FC94600152983 /* SwiftLesson02.app */,
				98C07C17212FC94B00152983 /* SwiftLesson02Tests.xctest */,
				98C07C22212FC94B00152983 /* SwiftLesson02UITests.xctest */,
			);
			name = Products;
			sourceTree = "<group>";
		};
		98C07C05212FC94600152983 /* SwiftLesson02 */ = {
			isa = PBXGroup;
			children = (
				98C07C06212FC94600152983 /* AppDelegate.swift */,
				98C07C08212FC94600152983 /* ViewController.swift */,
				98C07C0A212FC94600152983 /* Main.storyboard */,
				98C07C34212FE34100152983 /* DetailViewController.swift */,
				98C07C0D212FC94A00152983 /* Assets.xcassets */,
				98C07C0F212FC94A00152983 /* LaunchScreen.storyboard */,
				98C07C12212FC94A00152983 /* Info.plist */,
			);
			path = SwiftLesson02;
			sourceTree = "<group>";
		};
		98C07C1A212FC94B00152983 /* SwiftLesson02Tests */ = {
			isa = PBXGroup;
			children = (
				98C07C1B212FC94B00152983 /* SwiftLesson02Tests.swift */,
				98C07C1D212FC94B00152983 /* Info.plist */,
			);
			path = SwiftLesson02Tests;
			sourceTree = "<group>";
		};
		98C07C25212FC94B00152983 /* SwiftLesson02UITests */ = {
			isa = PBXGroup;
			children = (
				98C07C26212FC94B00152983 /* SwiftLesson02UITests.swift */,
				98C07C28212FC94B00152983 /* Info.plist */,
			);
			path = SwiftLesson02UITests;
			sourceTree = "<group>";
		};
		9B60D5E53074C24C99CAF067 /* Pods */ = {
			isa = PBXGroup;
			children = (
			);
			name = Pods;
			sourceTree = "<group>";
		};
/* End PBXGroup section */

/* Begin PBXNativeTarget section */
		98C07C02212FC94600152983 /* SwiftLesson02 */ = {
			isa = PBXNativeTarget;
			buildConfigurationList = 98C07C2B212FC94B00152983 /* Build configuration list for PBXNativeTarget "SwiftLesson02" */;
			buildPhases = (
				98C07BFF212FC94600152983 /* Sources */,
				98C07C00212FC94600152983 /* Frameworks */,
				98C07C01212FC94600152983 /* Resources */,
			);
			buildRules = (
			);
			dependencies = (
			);
			name = SwiftLesson02;
			productName = SwiftLesson02;
			productReference = 98C07C03212FC94600152983 /* SwiftLesson02.app */;
			productType = "com.apple.product-type.application";
		};
		98C07C16212FC94B00152983 /* SwiftLesson02Tests */ = {
			isa = PBXNativeTarget;
			buildConfigurationList = 98C07C2E212FC94B00152983 /* Build configuration list for PBXNativeTarget "SwiftLesson02Tests" */;
			buildPhases = (
				723ECC9FFF699350899FC2B2 /* [CP] Check Pods Manifest.lock */,
				98C07C13212FC94B00152983 /* Sources */,
				98C07C14212FC94B00152983 /* Frameworks */,
				98C07C15212FC94B00152983 /* Resources */,
			);
			buildRules = (
			);
			dependencies = (
				98C07C19212FC94B00152983 /* PBXTargetDependency */,
			);
			name = SwiftLesson02Tests;
			productName = SwiftLesson02Tests;
			productReference = 98C07C17212FC94B00152983 /* SwiftLesson02Tests.xctest */;
			productType = "com.apple.product-type.bundle.unit-test";
		};
		98C07C21212FC94B00152983 /* SwiftLesson02UITests */ = {
			isa = PBXNativeTarget;
			buildConfigurationList = 98C07C31212FC94B00152983 /* Build configuration list for PBXNativeTarget "SwiftLesson02UITests" */;
			buildPhases = (
				32B044B5B9A5E12F083393EF /* [CP] Check Pods Manifest.lock */,
				98C07C1E212FC94B00152983 /* Sources */,
				98C07C1F212FC94B00152983 /* Frameworks */,
				98C07C20212FC94B00152983 /* Resources */,
			);
			buildRules = (
			);
			dependencies = (
				98C07C24212FC94B00152983 /* PBXTargetDependency */,
			);
			name = SwiftLesson02UITests;
			productName = SwiftLesson02UITests;
			productReference = 98C07C22212FC94B00152983 /* SwiftLesson02UITests.xctest */;
			productType = "com.apple.product-type.bundle.ui-testing";
		};
/* End PBXNativeTarget section */

/* Begin PBXProject section */
		98C07BFB212FC94600152983 /* Project object */ = {
			isa = PBXProject;
			attributes = {
				LastSwiftUpdateCheck = 0940;
				LastUpgradeCheck = 0940;
				ORGANIZATIONNAME = kohei.ueda;
				TargetAttributes = {
					98C07C02212FC94600152983 = {
						CreatedOnToolsVersion = 9.4.1;
					};
					98C07C16212FC94B00152983 = {
						CreatedOnToolsVersion = 9.4.1;
						TestTargetID = 98C07C02212FC94600152983;
					};
					98C07C21212FC94B00152983 = {
						CreatedOnToolsVersion = 9.4.1;
						TestTargetID = 98C07C02212FC94600152983;
					};
				};
			};
			buildConfigurationList = 98C07BFE212FC94600152983 /* Build configuration list for PBXProject "SwiftLesson02" */;
			compatibilityVersion = "Xcode 9.3";
			developmentRegion = en;
			hasScannedForEncodings = 0;
			knownRegions = (
				en,
				Base,
			);
			mainGroup = 98C07BFA212FC94600152983;
			productRefGroup = 98C07C04212FC94600152983 /* Products */;
			projectDirPath = "";
			projectRoot = "";
			targets = (
				98C07C02212FC94600152983 /* SwiftLesson02 */,
				98C07C16212FC94B00152983 /* SwiftLesson02Tests */,
				98C07C21212FC94B00152983 /* SwiftLesson02UITests */,
			);
		};
/* End PBXProject section */

/* Begin PBXResourcesBuildPhase section */
		98C07C01212FC94600152983 /* Resources */ = {
			isa = PBXResourcesBuildPhase;
			buildActionMask = 2147483647;
			files = (
				98C07C11212FC94A00152983 /* LaunchScreen.storyboard in Resources */,
				98C07C0E212FC94A00152983 /* Assets.xcassets in Resources */,
				98C07C0C212FC94600152983 /* Main.storyboard in Resources */,
			);
			runOnlyForDeploymentPostprocessing = 0;
		};
		98C07C15212FC94B00152983 /* Resources */ = {
			isa = PBXResourcesBuildPhase;
			buildActionMask = 2147483647;
			files = (
			);
			runOnlyForDeploymentPostprocessing = 0;
		};
		98C07C20212FC94B00152983 /* Resources */ = {
			isa = PBXResourcesBuildPhase;
			buildActionMask = 2147483647;
			files = (
			);
			runOnlyForDeploymentPostprocessing = 0;
		};
/* End PBXResourcesBuildPhase section */

/* Begin PBXShellScriptBuildPhase section */
		32B044B5B9A5E12F083393EF /* [CP] Check Pods Manifest.lock */ = {
			isa = PBXShellScriptBuildPhase;
			buildActionMask = 2147483647;
			files = (
			);
			inputPaths = (
				"${PODS_PODFILE_DIR_PATH}/Podfile.lock",
				"${PODS_ROOT}/Manifest.lock",
			);
			name = "[CP] Check Pods Manifest.lock";
			outputPaths = (
				"$(DERIVED_FILE_DIR)/Pods-SwiftLesson02UITests-checkManifestLockResult.txt",
			);
			runOnlyForDeploymentPostprocessing = 0;
			shellPath = /bin/sh;
			shellScript = "diff \"${PODS_PODFILE_DIR_PATH}/Podfile.lock\" \"${PODS_ROOT}/Manifest.lock\" > /dev/null\nif [ $? != 0 ] ; then\n    # print error to STDERR\n    echo \"error: The sandbox is not in sync with the Podfile.lock. Run 'pod install' or update your CocoaPods installation.\" >&2\n    exit 1\nfi\n# This output is used by Xcode 'outputs' to avoid re-running this script phase.\necho \"SUCCESS\" > \"${SCRIPT_OUTPUT_FILE_0}\"\n";
			showEnvVarsInLog = 0;
		};
		723ECC9FFF699350899FC2B2 /* [CP] Check Pods Manifest.lock */ = {
			isa = PBXShellScriptBuildPhase;
			buildActionMask = 2147483647;
			files = (
			);
			inputPaths = (
				"${PODS_PODFILE_DIR_PATH}/Podfile.lock",
				"${PODS_ROOT}/Manifest.lock",
			);
			name = "[CP] Check Pods Manifest.lock";
			outputPaths = (
				"$(DERIVED_FILE_DIR)/Pods-SwiftLesson02Tests-checkManifestLockResult.txt",
			);
			runOnlyForDeploymentPostprocessing = 0;
			shellPath = /bin/sh;
			shellScript = "diff \"${PODS_PODFILE_DIR_PATH}/Podfile.lock\" \"${PODS_ROOT}/Manifest.lock\" > /dev/null\nif [ $? != 0 ] ; then\n    # print error to STDERR\n    echo \"error: The sandbox is not in sync with the Podfile.lock. Run 'pod install' or update your CocoaPods installation.\" >&2\n    exit 1\nfi\n# This output is used by Xcode 'outputs' to avoid re-running this script phase.\necho \"SUCCESS\" > \"${SCRIPT_OUTPUT_FILE_0}\"\n";
			showEnvVarsInLog = 0;
		};
/* End PBXShellScriptBuildPhase section */

/* Begin PBXSourcesBuildPhase section */
		98C07BFF212FC94600152983 /* Sources */ = {
			isa = PBXSourcesBuildPhase;
			buildActionMask = 2147483647;
			files = (
				98C07C35212FE34100152983 /* DetailViewController.swift in Sources */,
				98C07C09212FC94600152983 /* ViewController.swift in Sources */,
				98C07C07212FC94600152983 /* AppDelegate.swift in Sources */,
			);
			runOnlyForDeploymentPostprocessing = 0;
		};
		98C07C13212FC94B00152983 /* Sources */ = {
			isa = PBXSourcesBuildPhase;
			buildActionMask = 2147483647;
			files = (
				98C07C1C212FC94B00152983 /* SwiftLesson02Tests.swift in Sources */,
			);
			runOnlyForDeploymentPostprocessing = 0;
		};
		98C07C1E212FC94B00152983 /* Sources */ = {
			isa = PBXSourcesBuildPhase;
			buildActionMask = 2147483647;
			files = (
				98C07C27212FC94B00152983 /* SwiftLesson02UITests.swift in Sources */,
			);
			runOnlyForDeploymentPostprocessing = 0;
		};
/* End PBXSourcesBuildPhase section */

/* Begin PBXTargetDependency section */
		98C07C19212FC94B00152983 /* PBXTargetDependency */ = {
			isa = PBXTargetDependency;
			target = 98C07C02212FC94600152983 /* SwiftLesson02 */;
			targetProxy = 98C07C18212FC94B00152983 /* PBXContainerItemProxy */;
		};
		98C07C24212FC94B00152983 /* PBXTargetDependency */ = {
			isa = PBXTargetDependency;
			target = 98C07C02212FC94600152983 /* SwiftLesson02 */;
			targetProxy = 98C07C23212FC94B00152983 /* PBXContainerItemProxy */;
		};
/* End PBXTargetDependency section */

/* Begin PBXVariantGroup section */
		98C07C0A212FC94600152983 /* Main.storyboard */ = {
			isa = PBXVariantGroup;
			children = (
				98C07C0B212FC94600152983 /* Base */,
			);
			name = Main.storyboard;
			sourceTree = "<group>";
		};
		98C07C0F212FC94A00152983 /* LaunchScreen.storyboard */ = {
			isa = PBXVariantGroup;
			children = (
				98C07C10212FC94A00152983 /* Base */,
			);
			name = LaunchScreen.storyboard;
			sourceTree = "<group>";
		};
/* End PBXVariantGroup section */

/* Begin XCBuildConfiguration section */
		98C07C29212FC94B00152983 /* Debug */ = {
			isa = XCBuildConfiguration;
			buildSettings = {
				ALWAYS_SEARCH_USER_PATHS = NO;
				CLANG_ANALYZER_NONNULL = YES;
				CLANG_ANALYZER_NUMBER_OBJECT_CONVERSION = YES_AGGRESSIVE;
				CLANG_CXX_LANGUAGE_STANDARD = "gnu++14";
				CLANG_CXX_LIBRARY = "libc++";
				CLANG_ENABLE_MODULES = YES;
				CLANG_ENABLE_OBJC_ARC = YES;
				CLANG_ENABLE_OBJC_WEAK = YES;
				CLANG_WARN_BLOCK_CAPTURE_AUTORELEASING = YES;
				CLANG_WARN_BOOL_CONVERSION = YES;
				CLANG_WARN_COMMA = YES;
				CLANG_WARN_CONSTANT_CONVERSION = YES;
				CLANG_WARN_DEPRECATED_OBJC_IMPLEMENTATIONS = YES;
				CLANG_WARN_DIRECT_OBJC_ISA_USAGE = YES_ERROR;
				CLANG_WARN_DOCUMENTATION_COMMENTS = YES;
				CLANG_WARN_EMPTY_BODY = YES;
				CLANG_WARN_ENUM_CONVERSION = YES;
				CLANG_WARN_INFINITE_RECURSION = YES;
				CLANG_WARN_INT_CONVERSION = YES;
				CLANG_WARN_NON_LITERAL_NULL_CONVERSION = YES;
				CLANG_WARN_OBJC_IMPLICIT_RETAIN_SELF = YES;
				CLANG_WARN_OBJC_LITERAL_CONVERSION = YES;
				CLANG_WARN_OBJC_ROOT_CLASS = YES_ERROR;
				CLANG_WARN_RANGE_LOOP_ANALYSIS = YES;
				CLANG_WARN_STRICT_PROTOTYPES = YES;
				CLANG_WARN_SUSPICIOUS_MOVE = YES;
				CLANG_WARN_UNGUARDED_AVAILABILITY = YES_AGGRESSIVE;
				CLANG_WARN_UNREACHABLE_CODE = YES;
				CLANG_WARN__DUPLICATE_METHOD_MATCH = YES;
				CODE_SIGN_IDENTITY = "iPhone Developer";
				COPY_PHASE_STRIP = NO;
				DEBUG_INFORMATION_FORMAT = dwarf;
				ENABLE_STRICT_OBJC_MSGSEND = YES;
				ENABLE_TESTABILITY = YES;
				GCC_C_LANGUAGE_STANDARD = gnu11;
				GCC_DYNAMIC_NO_PIC = NO;
				GCC_NO_COMMON_BLOCKS = YES;
				GCC_OPTIMIZATION_LEVEL = 0;
				GCC_PREPROCESSOR_DEFINITIONS = (
					"DEBUG=1",
					"$(inherited)",
				);
				GCC_WARN_64_TO_32_BIT_CONVERSION = YES;
				GCC_WARN_ABOUT_RETURN_TYPE = YES_ERROR;
				GCC_WARN_UNDECLARED_SELECTOR = YES;
				GCC_WARN_UNINITIALIZED_AUTOS = YES_AGGRESSIVE;
				GCC_WARN_UNUSED_FUNCTION = YES;
				GCC_WARN_UNUSED_VARIABLE = YES;
				IPHONEOS_DEPLOYMENT_TARGET = 11.4;
				MTL_ENABLE_DEBUG_INFO = YES;
				ONLY_ACTIVE_ARCH = YES;
				SDKROOT = iphoneos;
				SWIFT_ACTIVE_COMPILATION_CONDITIONS = DEBUG;
				SWIFT_OPTIMIZATION_LEVEL = "-Onone";
			};
			name = Debug;
		};
		98C07C2A212FC94B00152983 /* Release */ = {
			isa = XCBuildConfiguration;
			buildSettings = {
				ALWAYS_SEARCH_USER_PATHS = NO;
				CLANG_ANALYZER_NONNULL = YES;
				CLANG_ANALYZER_NUMBER_OBJECT_CONVERSION = YES_AGGRESSIVE;
				CLANG_CXX_LANGUAGE_STANDARD = "gnu++14";
				CLANG_CXX_LIBRARY = "libc++";
				CLANG_ENABLE_MODULES = YES;
				CLANG_ENABLE_OBJC_ARC = YES;
				CLANG_ENABLE_OBJC_WEAK = YES;
				CLANG_WARN_BLOCK_CAPTURE_AUTORELEASING = YES;
				CLANG_WARN_BOOL_CONVERSION = YES;
				CLANG_WARN_COMMA = YES;
				CLANG_WARN_CONSTANT_CONVERSION = YES;
				CLANG_WARN_DEPRECATED_OBJC_IMPLEMENTATIONS = YES;
				CLANG_WARN_DIRECT_OBJC_ISA_USAGE = YES_ERROR;
				CLANG_WARN_DOCUMENTATION_COMMENTS = YES;
				CLANG_WARN_EMPTY_BODY = YES;
				CLANG_WARN_ENUM_CONVERSION = YES;
				CLANG_WARN_INFINITE_RECURSION = YES;
				CLANG_WARN_INT_CONVERSION = YES;
				CLANG_WARN_NON_LITERAL_NULL_CONVERSION = YES;
				CLANG_WARN_OBJC_IMPLICIT_RETAIN_SELF = YES;
				CLANG_WARN_OBJC_LITERAL_CONVERSION = YES;
				CLANG_WARN_OBJC_ROOT_CLASS = YES_ERROR;
				CLANG_WARN_RANGE_LOOP_ANALYSIS = YES;
				CLANG_WARN_STRICT_PROTOTYPES = YES;
				CLANG_WARN_SUSPICIOUS_MOVE = YES;
				CLANG_WARN_UNGUARDED_AVAILABILITY = YES_AGGRESSIVE;
				CLANG_WARN_UNREACHABLE_CODE = YES;
				CLANG_WARN__DUPLICATE_METHOD_MATCH = YES;
				CODE_SIGN_IDENTITY = "iPhone Developer";
				COPY_PHASE_STRIP = NO;
				DEBUG_INFORMATION_FORMAT = "dwarf-with-dsym";
				ENABLE_NS_ASSERTIONS = NO;
				ENABLE_STRICT_OBJC_MSGSEND = YES;
				GCC_C_LANGUAGE_STANDARD = gnu11;
				GCC_NO_COMMON_BLOCKS = YES;
				GCC_WARN_64_TO_32_BIT_CONVERSION = YES;
				GCC_WARN_ABOUT_RETURN_TYPE = YES_ERROR;
				GCC_WARN_UNDECLARED_SELECTOR = YES;
				GCC_WARN_UNINITIALIZED_AUTOS = YES_AGGRESSIVE;
				GCC_WARN_UNUSED_FUNCTION = YES;
				GCC_WARN_UNUSED_VARIABLE = YES;
				IPHONEOS_DEPLOYMENT_TARGET = 11.4;
				MTL_ENABLE_DEBUG_INFO = NO;
				SDKROOT = iphoneos;
				SWIFT_COMPILATION_MODE = wholemodule;
				SWIFT_OPTIMIZATION_LEVEL = "-O";
				VALIDATE_PRODUCT = YES;
			};
			name = Release;
		};
		98C07C2C212FC94B00152983 /* Debug */ = {
			isa = XCBuildConfiguration;
			buildSettings = {
				ASSETCATALOG_COMPILER_APPICON_NAME = AppIcon;
				CODE_SIGN_STYLE = Automatic;
				DEVELOPMENT_TEAM = Y48P6SY25X;
				INFOPLIST_FILE = SwiftLesson02/Info.plist;
				LD_RUNPATH_SEARCH_PATHS = (
					"$(inherited)",
					"@executable_path/Frameworks",
				);
				PRODUCT_BUNDLE_IDENTIFIER = jp.kiroru.SwiftLesson02;
				PRODUCT_NAME = "$(TARGET_NAME)";
				SWIFT_VERSION = 4.0;
				TARGETED_DEVICE_FAMILY = "1,2";
			};
			name = Debug;
		};
		98C07C2D212FC94B00152983 /* Release */ = {
			isa = XCBuildConfiguration;
			buildSettings = {
				ASSETCATALOG_COMPILER_APPICON_NAME = AppIcon;
				CODE_SIGN_STYLE = Automatic;
				DEVELOPMENT_TEAM = Y48P6SY25X;
				INFOPLIST_FILE = SwiftLesson02/Info.plist;
				LD_RUNPATH_SEARCH_PATHS = (
					"$(inherited)",
					"@executable_path/Frameworks",
				);
				PRODUCT_BUNDLE_IDENTIFIER = jp.kiroru.SwiftLesson02;
				PRODUCT_NAME = "$(TARGET_NAME)";
				SWIFT_VERSION = 4.0;
				TARGETED_DEVICE_FAMILY = "1,2";
			};
			name = Release;
		};
		98C07C2F212FC94B00152983 /* Debug */ = {
			isa = XCBuildConfiguration;
			buildSettings = {
				ALWAYS_EMBED_SWIFT_STANDARD_LIBRARIES = YES;
				BUNDLE_LOADER = "$(TEST_HOST)";
				CODE_SIGN_STYLE = Automatic;
				DEVELOPMENT_TEAM = Y48P6SY25X;
				INFOPLIST_FILE = SwiftLesson02Tests/Info.plist;
				LD_RUNPATH_SEARCH_PATHS = (
					"$(inherited)",
					"@executable_path/Frameworks",
					"@loader_path/Frameworks",
				);
				PRODUCT_BUNDLE_IDENTIFIER = jp.kiroru.SwiftLesson02Tests;
				PRODUCT_NAME = "$(TARGET_NAME)";
				SWIFT_VERSION = 4.0;
				TARGETED_DEVICE_FAMILY = "1,2";
				TEST_HOST = "$(BUILT_PRODUCTS_DIR)/SwiftLesson02.app/SwiftLesson02";
			};
			name = Debug;
		};
		98C07C30212FC94B00152983 /* Release */ = {
			isa = XCBuildConfiguration;
			buildSettings = {
				ALWAYS_EMBED_SWIFT_STANDARD_LIBRARIES = YES;
				BUNDLE_LOADER = "$(TEST_HOST)";
				CODE_SIGN_STYLE = Automatic;
				DEVELOPMENT_TEAM = Y48P6SY25X;
				INFOPLIST_FILE = SwiftLesson02Tests/Info.plist;
				LD_RUNPATH_SEARCH_PATHS = (
					"$(inherited)",
					"@executable_path/Frameworks",
					"@loader_path/Frameworks",
				);
				PRODUCT_BUNDLE_IDENTIFIER = jp.kiroru.SwiftLesson02Tests;
				PRODUCT_NAME = "$(TARGET_NAME)";
				SWIFT_VERSION = 4.0;
				TARGETED_DEVICE_FAMILY = "1,2";
				TEST_HOST = "$(BUILT_PRODUCTS_DIR)/SwiftLesson02.app/SwiftLesson02";
			};
			name = Release;
		};
		98C07C32212FC94B00152983 /* Debug */ = {
			isa = XCBuildConfiguration;
			buildSettings = {
				ALWAYS_EMBED_SWIFT_STANDARD_LIBRARIES = YES;
				CODE_SIGN_STYLE = Automatic;
				DEVELOPMENT_TEAM = Y48P6SY25X;
				INFOPLIST_FILE = SwiftLesson02UITests/Info.plist;
				LD_RUNPATH_SEARCH_PATHS = (
					"$(inherited)",
					"@executable_path/Frameworks",
					"@loader_path/Frameworks",
				);
				PRODUCT_BUNDLE_IDENTIFIER = jp.kiroru.SwiftLesson02UITests;
				PRODUCT_NAME = "$(TARGET_NAME)";
				SWIFT_VERSION = 4.0;
				TARGETED_DEVICE_FAMILY = "1,2";
				TEST_TARGET_NAME = SwiftLesson02;
			};
			name = Debug;
		};
		98C07C33212FC94B00152983 /* Release */ = {
			isa = XCBuildConfiguration;
			buildSettings = {
				ALWAYS_EMBED_SWIFT_STANDARD_LIBRARIES = YES;
				CODE_SIGN_STYLE = Automatic;
				DEVELOPMENT_TEAM = Y48P6SY25X;
				INFOPLIST_FILE = SwiftLesson02UITests/Info.plist;
				LD_RUNPATH_SEARCH_PATHS = (
					"$(inherited)",
					"@executable_path/Frameworks",
					"@loader_path/Frameworks",
				);
				PRODUCT_BUNDLE_IDENTIFIER = jp.kiroru.SwiftLesson02UITests;
				PRODUCT_NAME = "$(TARGET_NAME)";
				SWIFT_VERSION = 4.0;
				TARGETED_DEVICE_FAMILY = "1,2";
				TEST_TARGET_NAME = SwiftLesson02;
			};
			name = Release;
		};
/* End XCBuildConfiguration section */

/* Begin XCConfigurationList section */
		98C07BFE212FC94600152983 /* Build configuration list for PBXProject "SwiftLesson02" */ = {
			isa = XCConfigurationList;
			buildConfigurations = (
				98C07C29212FC94B00152983 /* Debug */,
				98C07C2A212FC94B00152983 /* Release */,
			);
			defaultConfigurationIsVisible = 0;
			defaultConfigurationName = Release;
		};
		98C07C2B212FC94B00152983 /* Build configuration list for PBXNativeTarget "SwiftLesson02" */ = {
			isa = XCConfigurationList;
			buildConfigurations = (
				98C07C2C212FC94B00152983 /* Debug */,
				98C07C2D212FC94B00152983 /* Release */,
			);
			defaultConfigurationIsVisible = 0;
			defaultConfigurationName = Release;
		};
		98C07C2E212FC94B00152983 /* Build configuration list for PBXNativeTarget "SwiftLesson02Tests" */ = {
			isa = XCConfigurationList;
			buildConfigurations = (
				98C07C2F212FC94B00152983 /* Debug */,
				98C07C30212FC94B00152983 /* Release */,
			);
			defaultConfigurationIsVisible = 0;
			defaultConfigurationName = Release;
		};
		98C07C31212FC94B00152983 /* Build configuration list for PBXNativeTarget "SwiftLesson02UITests" */ = {
			isa = XCConfigurationList;
			buildConfigurations = (
				98C07C32212FC94B00152983 /* Debug */,
				98C07C33212FC94B00152983 /* Release */,
			);
			defaultConfigurationIsVisible = 0;
			defaultConfigurationName = Release;
		};
/* End XCConfigurationList section */
	};
	rootObject = 98C07BFB212FC94600152983 /* Project object */;
}
